// !$*UTF8*$!
{
	archiveVersion = 1;
	classes = {
	};
	objectVersion = 48;
	objects = {

/* Begin PBXBuildFile section */
		71B6A2331FC4B75700E27C59 /* AppDelegate.swift in Sources */ = {isa = PBXBuildFile; fileRef = 71B6A2321FC4B75700E27C59 /* AppDelegate.swift */; };
		71B6A2351FC4B75700E27C59 /* ContainerViewController.swift in Sources */ = {isa = PBXBuildFile; fileRef = 71B6A2341FC4B75700E27C59 /* ContainerViewController.swift */; };
		71B6A2381FC4B75700E27C59 /* Main.storyboard in Resources */ = {isa = PBXBuildFile; fileRef = 71B6A2361FC4B75700E27C59 /* Main.storyboard */; };
		71B6A23A1FC4B75700E27C59 /* Assets.xcassets in Resources */ = {isa = PBXBuildFile; fileRef = 71B6A2391FC4B75700E27C59 /* Assets.xcassets */; };
		71B6A23D1FC4B75700E27C59 /* LaunchScreen.storyboard in Resources */ = {isa = PBXBuildFile; fileRef = 71B6A23B1FC4B75700E27C59 /* LaunchScreen.storyboard */; };
		71B6A2461FC4B8F500E27C59 /* NetworkUtility.swift in Sources */ = {isa = PBXBuildFile; fileRef = 71B6A2451FC4B8F500E27C59 /* NetworkUtility.swift */; };
		71B6A2481FC4BDFA00E27C59 /* DataManager.swift in Sources */ = {isa = PBXBuildFile; fileRef = 71B6A2471FC4BDFA00E27C59 /* DataManager.swift */; };
		71BFAF501FCF50E7008961F5 /* Location.swift in Sources */ = {isa = PBXBuildFile; fileRef = 71BFAF4F1FCF50E7008961F5 /* Location.swift */; };
		71BFAF531FCF5F90008961F5 /* LoadingViewController.swift in Sources */ = {isa = PBXBuildFile; fileRef = 71BFAF521FCF5F90008961F5 /* LoadingViewController.swift */; };
		71BFAF561FCF6324008961F5 /* UIViewController+Transition.swift in Sources */ = {isa = PBXBuildFile; fileRef = 71BFAF551FCF6324008961F5 /* UIViewController+Transition.swift */; };
		71BFAF581FCF6430008961F5 /* ErrorViewController.swift in Sources */ = {isa = PBXBuildFile; fileRef = 71BFAF571FCF6430008961F5 /* ErrorViewController.swift */; };
		71BFAF5A1FCF6441008961F5 /* MainViewController.swift in Sources */ = {isa = PBXBuildFile; fileRef = 71BFAF591FCF6441008961F5 /* MainViewController.swift */; };
		71BFAF5C1FCF66C3008961F5 /* LocationScene.swift in Sources */ = {isa = PBXBuildFile; fileRef = 71BFAF5B1FCF66C3008961F5 /* LocationScene.swift */; };
		71BFAF5F1FCF6756008961F5 /* LocationScene.sks in Resources */ = {isa = PBXBuildFile; fileRef = 71BFAF5E1FCF6756008961F5 /* LocationScene.sks */; };
		71C050EB1FD9A3E8006ABBF3 /* SceneDataManager.swift in Sources */ = {isa = PBXBuildFile; fileRef = 71C050EA1FD9A3E8006ABBF3 /* SceneDataManager.swift */; };
		71C050ED1FD9A64F006ABBF3 /* SceneDataHelper.swift in Sources */ = {isa = PBXBuildFile; fileRef = 71C050EC1FD9A64F006ABBF3 /* SceneDataHelper.swift */; };
		71C050EF1FD9B974006ABBF3 /* Constants.swift in Sources */ = {isa = PBXBuildFile; fileRef = 71C050EE1FD9B974006ABBF3 /* Constants.swift */; };
/* End PBXBuildFile section */

/* Begin PBXFileReference section */
		71B6A22F1FC4B75700E27C59 /* LocationOverviewDemo.app */ = {isa = PBXFileReference; explicitFileType = wrapper.application; includeInIndex = 0; path = LocationOverviewDemo.app; sourceTree = BUILT_PRODUCTS_DIR; };
		71B6A2321FC4B75700E27C59 /* AppDelegate.swift */ = {isa = PBXFileReference; lastKnownFileType = sourcecode.swift; path = AppDelegate.swift; sourceTree = "<group>"; };
		71B6A2341FC4B75700E27C59 /* ContainerViewController.swift */ = {isa = PBXFileReference; lastKnownFileType = sourcecode.swift; path = ContainerViewController.swift; sourceTree = "<group>"; };
		71B6A2371FC4B75700E27C59 /* Base */ = {isa = PBXFileReference; lastKnownFileType = file.storyboard; name = Base; path = Base.lproj/Main.storyboard; sourceTree = "<group>"; };
		71B6A2391FC4B75700E27C59 /* Assets.xcassets */ = {isa = PBXFileReference; lastKnownFileType = folder.assetcatalog; path = Assets.xcassets; sourceTree = "<group>"; };
		71B6A23C1FC4B75700E27C59 /* Base */ = {isa = PBXFileReference; lastKnownFileType = file.storyboard; name = Base; path = Base.lproj/LaunchScreen.storyboard; sourceTree = "<group>"; };
		71B6A23E1FC4B75700E27C59 /* Info.plist */ = {isa = PBXFileReference; lastKnownFileType = text.plist.xml; path = Info.plist; sourceTree = "<group>"; };
		71B6A2451FC4B8F500E27C59 /* NetworkUtility.swift */ = {isa = PBXFileReference; lastKnownFileType = sourcecode.swift; path = NetworkUtility.swift; sourceTree = "<group>"; };
		71B6A2471FC4BDFA00E27C59 /* DataManager.swift */ = {isa = PBXFileReference; lastKnownFileType = sourcecode.swift; path = DataManager.swift; sourceTree = "<group>"; };
		71BFAF4F1FCF50E7008961F5 /* Location.swift */ = {isa = PBXFileReference; lastKnownFileType = sourcecode.swift; path = Location.swift; sourceTree = "<group>"; };
		71BFAF521FCF5F90008961F5 /* LoadingViewController.swift */ = {isa = PBXFileReference; lastKnownFileType = sourcecode.swift; path = LoadingViewController.swift; sourceTree = "<group>"; };
		71BFAF551FCF6324008961F5 /* UIViewController+Transition.swift */ = {isa = PBXFileReference; lastKnownFileType = sourcecode.swift; path = "UIViewController+Transition.swift"; sourceTree = "<group>"; };
		71BFAF571FCF6430008961F5 /* ErrorViewController.swift */ = {isa = PBXFileReference; lastKnownFileType = sourcecode.swift; path = ErrorViewController.swift; sourceTree = "<group>"; };
		71BFAF591FCF6441008961F5 /* MainViewController.swift */ = {isa = PBXFileReference; lastKnownFileType = sourcecode.swift; path = MainViewController.swift; sourceTree = "<group>"; };
		71BFAF5B1FCF66C3008961F5 /* LocationScene.swift */ = {isa = PBXFileReference; lastKnownFileType = sourcecode.swift; path = LocationScene.swift; sourceTree = "<group>"; };
		71BFAF5E1FCF6756008961F5 /* LocationScene.sks */ = {isa = PBXFileReference; lastKnownFileType = file.sks; path = LocationScene.sks; sourceTree = "<group>"; };
		71C050EA1FD9A3E8006ABBF3 /* SceneDataManager.swift */ = {isa = PBXFileReference; lastKnownFileType = sourcecode.swift; path = SceneDataManager.swift; sourceTree = "<group>"; };
		71C050EC1FD9A64F006ABBF3 /* SceneDataHelper.swift */ = {isa = PBXFileReference; lastKnownFileType = sourcecode.swift; path = SceneDataHelper.swift; sourceTree = "<group>"; };
		71C050EE1FD9B974006ABBF3 /* Constants.swift */ = {isa = PBXFileReference; lastKnownFileType = sourcecode.swift; path = Constants.swift; sourceTree = "<group>"; };
/* End PBXFileReference section */

/* Begin PBXFrameworksBuildPhase section */
		71B6A22C1FC4B75700E27C59 /* Frameworks */ = {
			isa = PBXFrameworksBuildPhase;
			buildActionMask = 2147483647;
			files = (
			);
			runOnlyForDeploymentPostprocessing = 0;
		};
/* End PBXFrameworksBuildPhase section */

/* Begin PBXGroup section */
		71B6A2261FC4B75700E27C59 = {
			isa = PBXGroup;
			children = (
				71B6A2311FC4B75700E27C59 /* LocationOverviewDemo */,
				71B6A2301FC4B75700E27C59 /* Products */,
			);
			sourceTree = "<group>";
		};
		71B6A2301FC4B75700E27C59 /* Products */ = {
			isa = PBXGroup;
			children = (
				71B6A22F1FC4B75700E27C59 /* LocationOverviewDemo.app */,
			);
			name = Products;
			sourceTree = "<group>";
		};
		71B6A2311FC4B75700E27C59 /* LocationOverviewDemo */ = {
			isa = PBXGroup;
			children = (
				71BFAF5D1FCF674F008961F5 /* Views */,
				71BFAF541FCF6307008961F5 /* Extensions */,
				71BFAF511FCF5F4E008961F5 /* Controllers */,
				71BFAF4E1FCF50D1008961F5 /* Models */,
				71B6A2441FC4B83100E27C59 /* Utilities */,
				71B6A2321FC4B75700E27C59 /* AppDelegate.swift */,
				71B6A2361FC4B75700E27C59 /* Main.storyboard */,
				71B6A2391FC4B75700E27C59 /* Assets.xcassets */,
				71B6A23B1FC4B75700E27C59 /* LaunchScreen.storyboard */,
				71B6A23E1FC4B75700E27C59 /* Info.plist */,
			);
			path = LocationOverviewDemo;
			sourceTree = "<group>";
		};
		71B6A2441FC4B83100E27C59 /* Utilities */ = {
			isa = PBXGroup;
			children = (
				71B6A2451FC4B8F500E27C59 /* NetworkUtility.swift */,
				71B6A2471FC4BDFA00E27C59 /* DataManager.swift */,
				71C050EA1FD9A3E8006ABBF3 /* SceneDataManager.swift */,
			);
			path = Utilities;
			sourceTree = "<group>";
		};
		71BFAF4E1FCF50D1008961F5 /* Models */ = {
			isa = PBXGroup;
			children = (
				71BFAF4F1FCF50E7008961F5 /* Location.swift */,
				71C050EC1FD9A64F006ABBF3 /* SceneDataHelper.swift */,
				71C050EE1FD9B974006ABBF3 /* Constants.swift */,
			);
			path = Models;
			sourceTree = "<group>";
		};
		71BFAF511FCF5F4E008961F5 /* Controllers */ = {
			isa = PBXGroup;
			children = (
				71B6A2341FC4B75700E27C59 /* ContainerViewController.swift */,
				71BFAF521FCF5F90008961F5 /* LoadingViewController.swift */,
				71BFAF571FCF6430008961F5 /* ErrorViewController.swift */,
				71BFAF591FCF6441008961F5 /* MainViewController.swift */,
				71BFAF5B1FCF66C3008961F5 /* LocationScene.swift */,
			);
			path = Controllers;
			sourceTree = "<group>";
		};
		71BFAF541FCF6307008961F5 /* Extensions */ = {
			isa = PBXGroup;
			children = (
				71BFAF551FCF6324008961F5 /* UIViewController+Transition.swift */,
			);
			path = Extensions;
			sourceTree = "<group>";
		};
		71BFAF5D1FCF674F008961F5 /* Views */ = {
			isa = PBXGroup;
			children = (
				71BFAF5E1FCF6756008961F5 /* LocationScene.sks */,
			);
			path = Views;
			sourceTree = "<group>";
		};
/* End PBXGroup section */

/* Begin PBXNativeTarget section */
		71B6A22E1FC4B75700E27C59 /* LocationOverviewDemo */ = {
			isa = PBXNativeTarget;
			buildConfigurationList = 71B6A2411FC4B75700E27C59 /* Build configuration list for PBXNativeTarget "LocationOverviewDemo" */;
			buildPhases = (
				71B6A22B1FC4B75700E27C59 /* Sources */,
				71B6A22C1FC4B75700E27C59 /* Frameworks */,
				71B6A22D1FC4B75700E27C59 /* Resources */,
			);
			buildRules = (
			);
			dependencies = (
			);
			name = LocationOverviewDemo;
			productName = LocationOverviewDemo;
			productReference = 71B6A22F1FC4B75700E27C59 /* LocationOverviewDemo.app */;
			productType = "com.apple.product-type.application";
		};
/* End PBXNativeTarget section */

/* Begin PBXProject section */
		71B6A2271FC4B75700E27C59 /* Project object */ = {
			isa = PBXProject;
			attributes = {
				LastSwiftUpdateCheck = 0910;
				LastUpgradeCheck = 0910;
				ORGANIZATIONNAME = "Shawn Roller";
				TargetAttributes = {
					71B6A22E1FC4B75700E27C59 = {
						CreatedOnToolsVersion = 9.1;
						ProvisioningStyle = Automatic;
					};
				};
			};
			buildConfigurationList = 71B6A22A1FC4B75700E27C59 /* Build configuration list for PBXProject "LocationOverviewDemo" */;
			compatibilityVersion = "Xcode 8.0";
			developmentRegion = en;
			hasScannedForEncodings = 0;
			knownRegions = (
				en,
				Base,
			);
			mainGroup = 71B6A2261FC4B75700E27C59;
			productRefGroup = 71B6A2301FC4B75700E27C59 /* Products */;
			projectDirPath = "";
			projectRoot = "";
			targets = (
				71B6A22E1FC4B75700E27C59 /* LocationOverviewDemo */,
			);
		};
/* End PBXProject section */

/* Begin PBXResourcesBuildPhase section */
		71B6A22D1FC4B75700E27C59 /* Resources */ = {
			isa = PBXResourcesBuildPhase;
			buildActionMask = 2147483647;
			files = (
				71BFAF5F1FCF6756008961F5 /* LocationScene.sks in Resources */,
				71B6A23D1FC4B75700E27C59 /* LaunchScreen.storyboard in Resources */,
				71B6A23A1FC4B75700E27C59 /* Assets.xcassets in Resources */,
				71B6A2381FC4B75700E27C59 /* Main.storyboard in Resources */,
			);
			runOnlyForDeploymentPostprocessing = 0;
		};
/* End PBXResourcesBuildPhase section */

/* Begin PBXSourcesBuildPhase section */
		71B6A22B1FC4B75700E27C59 /* Sources */ = {
			isa = PBXSourcesBuildPhase;
			buildActionMask = 2147483647;
			files = (
				71C050EB1FD9A3E8006ABBF3 /* SceneDataManager.swift in Sources */,
				71B6A2351FC4B75700E27C59 /* ContainerViewController.swift in Sources */,
				71B6A2481FC4BDFA00E27C59 /* DataManager.swift in Sources */,
				71BFAF501FCF50E7008961F5 /* Location.swift in Sources */,
				71BFAF561FCF6324008961F5 /* UIViewController+Transition.swift in Sources */,
				71B6A2461FC4B8F500E27C59 /* NetworkUtility.swift in Sources */,
				71BFAF5C1FCF66C3008961F5 /* LocationScene.swift in Sources */,
				71C050EF1FD9B974006ABBF3 /* Constants.swift in Sources */,
				71BFAF581FCF6430008961F5 /* ErrorViewController.swift in Sources */,
				71C050ED1FD9A64F006ABBF3 /* SceneDataHelper.swift in Sources */,
				71BFAF5A1FCF6441008961F5 /* MainViewController.swift in Sources */,
				71B6A2331FC4B75700E27C59 /* AppDelegate.swift in Sources */,
				71BFAF531FCF5F90008961F5 /* LoadingViewController.swift in Sources */,
			);
			runOnlyForDeploymentPostprocessing = 0;
		};
/* End PBXSourcesBuildPhase section */

/* Begin PBXVariantGroup section */
		71B6A2361FC4B75700E27C59 /* Main.storyboard */ = {
			isa = PBXVariantGroup;
			children = (
				71B6A2371FC4B75700E27C59 /* Base */,
			);
			name = Main.storyboard;
			sourceTree = "<group>";
		};
		71B6A23B1FC4B75700E27C59 /* LaunchScreen.storyboard */ = {
			isa = PBXVariantGroup;
			children = (
				71B6A23C1FC4B75700E27C59 /* Base */,
			);
			name = LaunchScreen.storyboard;
			sourceTree = "<group>";
		};
/* End PBXVariantGroup section */

/* Begin XCBuildConfiguration section */
		71B6A23F1FC4B75700E27C59 /* Debug */ = {
			isa = XCBuildConfiguration;
			buildSettings = {
				ALWAYS_SEARCH_USER_PATHS = NO;
				CLANG_ANALYZER_NONNULL = YES;
				CLANG_ANALYZER_NUMBER_OBJECT_CONVERSION = YES_AGGRESSIVE;
				CLANG_CXX_LANGUAGE_STANDARD = "gnu++14";
				CLANG_CXX_LIBRARY = "libc++";
				CLANG_ENABLE_MODULES = YES;
				CLANG_ENABLE_OBJC_ARC = YES;
				CLANG_WARN_BLOCK_CAPTURE_AUTORELEASING = YES;
				CLANG_WARN_BOOL_CONVERSION = YES;
				CLANG_WARN_COMMA = YES;
				CLANG_WARN_CONSTANT_CONVERSION = YES;
				CLANG_WARN_DIRECT_OBJC_ISA_USAGE = YES_ERROR;
				CLANG_WARN_DOCUMENTATION_COMMENTS = YES;
				CLANG_WARN_EMPTY_BODY = YES;
				CLANG_WARN_ENUM_CONVERSION = YES;
				CLANG_WARN_INFINITE_RECURSION = YES;
				CLANG_WARN_INT_CONVERSION = YES;
				CLANG_WARN_NON_LITERAL_NULL_CONVERSION = YES;
				CLANG_WARN_OBJC_LITERAL_CONVERSION = YES;
				CLANG_WARN_OBJC_ROOT_CLASS = YES_ERROR;
				CLANG_WARN_RANGE_LOOP_ANALYSIS = YES;
				CLANG_WARN_STRICT_PROTOTYPES = YES;
				CLANG_WARN_SUSPICIOUS_MOVE = YES;
				CLANG_WARN_UNGUARDED_AVAILABILITY = YES_AGGRESSIVE;
				CLANG_WARN_UNREACHABLE_CODE = YES;
				CLANG_WARN__DUPLICATE_METHOD_MATCH = YES;
				CODE_SIGN_IDENTITY = "iPhone Developer";
				COPY_PHASE_STRIP = NO;
				DEBUG_INFORMATION_FORMAT = dwarf;
				ENABLE_STRICT_OBJC_MSGSEND = YES;
				ENABLE_TESTABILITY = YES;
				GCC_C_LANGUAGE_STANDARD = gnu11;
				GCC_DYNAMIC_NO_PIC = NO;
				GCC_NO_COMMON_BLOCKS = YES;
				GCC_OPTIMIZATION_LEVEL = 0;
				GCC_PREPROCESSOR_DEFINITIONS = (
					"DEBUG=1",
					"$(inherited)",
				);
				GCC_WARN_64_TO_32_BIT_CONVERSION = YES;
				GCC_WARN_ABOUT_RETURN_TYPE = YES_ERROR;
				GCC_WARN_UNDECLARED_SELECTOR = YES;
				GCC_WARN_UNINITIALIZED_AUTOS = YES_AGGRESSIVE;
				GCC_WARN_UNUSED_FUNCTION = YES;
				GCC_WARN_UNUSED_VARIABLE = YES;
				IPHONEOS_DEPLOYMENT_TARGET = 11.1;
				MTL_ENABLE_DEBUG_INFO = YES;
				ONLY_ACTIVE_ARCH = YES;
				SDKROOT = iphoneos;
				SWIFT_ACTIVE_COMPILATION_CONDITIONS = DEBUG;
				SWIFT_OPTIMIZATION_LEVEL = "-Onone";
			};
			name = Debug;
		};
		71B6A2401FC4B75700E27C59 /* Release */ = {
			isa = XCBuildConfiguration;
			buildSettings = {
				ALWAYS_SEARCH_USER_PATHS = NO;
				CLANG_ANALYZER_NONNULL = YES;
				CLANG_ANALYZER_NUMBER_OBJECT_CONVERSION = YES_AGGRESSIVE;
				CLANG_CXX_LANGUAGE_STANDARD = "gnu++14";
				CLANG_CXX_LIBRARY = "libc++";
				CLANG_ENABLE_MODULES = YES;
				CLANG_ENABLE_OBJC_ARC = YES;
				CLANG_WARN_BLOCK_CAPTURE_AUTORELEASING = YES;
				CLANG_WARN_BOOL_CONVERSION = YES;
				CLANG_WARN_COMMA = YES;
				CLANG_WARN_CONSTANT_CONVERSION = YES;
				CLANG_WARN_DIRECT_OBJC_ISA_USAGE = YES_ERROR;
				CLANG_WARN_DOCUMENTATION_COMMENTS = YES;
				CLANG_WARN_EMPTY_BODY = YES;
				CLANG_WARN_ENUM_CONVERSION = YES;
				CLANG_WARN_INFINITE_RECURSION = YES;
				CLANG_WARN_INT_CONVERSION = YES;
				CLANG_WARN_NON_LITERAL_NULL_CONVERSION = YES;
				CLANG_WARN_OBJC_LITERAL_CONVERSION = YES;
				CLANG_WARN_OBJC_ROOT_CLASS = YES_ERROR;
				CLANG_WARN_RANGE_LOOP_ANALYSIS = YES;
				CLANG_WARN_STRICT_PROTOTYPES = YES;
				CLANG_WARN_SUSPICIOUS_MOVE = YES;
				CLANG_WARN_UNGUARDED_AVAILABILITY = YES_AGGRESSIVE;
				CLANG_WARN_UNREACHABLE_CODE = YES;
				CLANG_WARN__DUPLICATE_METHOD_MATCH = YES;
				CODE_SIGN_IDENTITY = "iPhone Developer";
				COPY_PHASE_STRIP = NO;
				DEBUG_INFORMATION_FORMAT = "dwarf-with-dsym";
				ENABLE_NS_ASSERTIONS = NO;
				ENABLE_STRICT_OBJC_MSGSEND = YES;
				GCC_C_LANGUAGE_STANDARD = gnu11;
				GCC_NO_COMMON_BLOCKS = YES;
				GCC_WARN_64_TO_32_BIT_CONVERSION = YES;
				GCC_WARN_ABOUT_RETURN_TYPE = YES_ERROR;
				GCC_WARN_UNDECLARED_SELECTOR = YES;
				GCC_WARN_UNINITIALIZED_AUTOS = YES_AGGRESSIVE;
				GCC_WARN_UNUSED_FUNCTION = YES;
				GCC_WARN_UNUSED_VARIABLE = YES;
				IPHONEOS_DEPLOYMENT_TARGET = 11.1;
				MTL_ENABLE_DEBUG_INFO = NO;
				SDKROOT = iphoneos;
				SWIFT_OPTIMIZATION_LEVEL = "-Owholemodule";
				VALIDATE_PRODUCT = YES;
			};
			name = Release;
		};
		71B6A2421FC4B75700E27C59 /* Debug */ = {
			isa = XCBuildConfiguration;
			buildSettings = {
				ASSETCATALOG_COMPILER_APPICON_NAME = AppIcon;
				CODE_SIGN_STYLE = Automatic;
				DEVELOPMENT_TEAM = EWH85CQYYJ;
				INFOPLIST_FILE = LocationOverviewDemo/Info.plist;
				LD_RUNPATH_SEARCH_PATHS = "$(inherited) @executable_path/Frameworks";
				PRODUCT_BUNDLE_IDENTIFIER = "com.offensively-bad.LocationOverviewDemo";
				PRODUCT_NAME = "$(TARGET_NAME)";
				SWIFT_VERSION = 4.0;
				TARGETED_DEVICE_FAMILY = "1,2";
			};
			name = Debug;
		};
		71B6A2431FC4B75700E27C59 /* Release */ = {
			isa = XCBuildConfiguration;
			buildSettings = {
				ASSETCATALOG_COMPILER_APPICON_NAME = AppIcon;
				CODE_SIGN_STYLE = Automatic;
				DEVELOPMENT_TEAM = EWH85CQYYJ;
				INFOPLIST_FILE = LocationOverviewDemo/Info.plist;
				LD_RUNPATH_SEARCH_PATHS = "$(inherited) @executable_path/Frameworks";
				PRODUCT_BUNDLE_IDENTIFIER = "com.offensively-bad.LocationOverviewDemo";
				PRODUCT_NAME = "$(TARGET_NAME)";
				SWIFT_VERSION = 4.0;
				TARGETED_DEVICE_FAMILY = "1,2";
			};
			name = Release;
		};
/* End XCBuildConfiguration section */

/* Begin XCConfigurationList section */
		71B6A22A1FC4B75700E27C59 /* Build configuration list for PBXProject "LocationOverviewDemo" */ = {
			isa = XCConfigurationList;
			buildConfigurations = (
				71B6A23F1FC4B75700E27C59 /* Debug */,
				71B6A2401FC4B75700E27C59 /* Release */,
			);
			defaultConfigurationIsVisible = 0;
			defaultConfigurationName = Release;
		};
		71B6A2411FC4B75700E27C59 /* Build configuration list for PBXNativeTarget "LocationOverviewDemo" */ = {
			isa = XCConfigurationList;
			buildConfigurations = (
				71B6A2421FC4B75700E27C59 /* Debug */,
				71B6A2431FC4B75700E27C59 /* Release */,
			);
			defaultConfigurationIsVisible = 0;
			defaultConfigurationName = Release;
		};
/* End XCConfigurationList section */
	};
	rootObject = 71B6A2271FC4B75700E27C59 /* Project object */;
}
